
Microsoft Visual Studio Solution File, Format Version 12.00
# Visual Studio Version 17
VisualStudioVersion = 17.0.31903.59
MinimumVisualStudioVersion = 10.0.40219.1
Project("{FAE04EC0-301F-11D3-BF4B-00C04F79EFBC}") = "LanciaSystore", "LanciaSystore\LanciaSystore.csproj", "{508BC8FD-7300-43FC-9C92-C8C5AAA0E796}"
EndProject
Project("{2150E333-8FDC-42A3-9474-1A3956D46DE8}") = "Items", "Items", "{FC45A19F-9AA3-4E7F-B7B5-74548A121E03}"
EndProject
Global
	GlobalSection(SolutionConfigurationPlatforms) = preSolution
		Debug|Any CPU = Debug|Any CPU
		Release|Any CPU = Release|Any CPU
	EndGlobalSection
	GlobalSection(ProjectConfigurationPlatforms) = postSolution
		{508BC8FD-7300-43FC-9C92-C8C5AAA0E796}.Debug|Any CPU.ActiveCfg = Debug|Any CPU
		{508BC8FD-7300-43FC-9C92-C8C5AAA0E796}.Debug|Any CPU.Build.0 = Debug|Any CPU
		{508BC8FD-7300-43FC-9C92-C8C5AAA0E796}.Release|Any CPU.ActiveCfg = Release|Any CPU
		{508BC8FD-7300-43FC-9C92-C8C5AAA0E796}.Release|Any CPU.Build.0 = Release|Any CPU
	EndGlobalSection
	GlobalSection(SolutionProperties) = preSolution
		HideSolutionNode = FALSE
	EndGlobalSection
	GlobalSection(ExtensibilityGlobals) = postSolution
		SolutionGuid = {78D69AE1-B36F-4C56-B4B1-21E3789BCD08}
	EndGlobalSection
EndGlobal
